
Microsoft Visual Studio Solution File, Format Version 12.00
# Visual Studio Version 16
VisualStudioVersion = 16.0.30621.155
MinimumVisualStudioVersion = 10.0.40219.1
Project("{8BC9CEB8-8B4A-11D0-8D11-00A0C91BC942}") = "ExercisesGoogleTest", "ExercisesGoogleTest\ExercisesGoogleTest.vcxproj", "{99BD897A-9507-45DD-B0AA-3EFD1B50AEEC}"
EndProject
Global
	GlobalSection(SolutionConfigurationPlatforms) = preSolution
		Debug|x64 = Debug|x64
		Release|x64 = Release|x64
	EndGlobalSection
	GlobalSection(ProjectConfigurationPlatforms) = postSolution
		{99BD897A-9507-45DD-B0AA-3EFD1B50AEEC}.Debug|x64.ActiveCfg = Debug|x64
		{99BD897A-9507-45DD-B0AA-3EFD1B50AEEC}.Debug|x64.Build.0 = Debug|x64
		{99BD897A-9507-45DD-B0AA-3EFD1B50AEEC}.Release|x64.ActiveCfg = Release|x64
		{99BD897A-9507-45DD-B0AA-3EFD1B50AEEC}.Release|x64.Build.0 = Release|x64
	EndGlobalSection
	GlobalSection(SolutionProperties) = preSolution
		HideSolutionNode = FALSE
	EndGlobalSection
	GlobalSection(ExtensibilityGlobals) = postSolution
		SolutionGuid = {8ED0BF08-70C8-44BD-99F4-3DC665996019}
	EndGlobalSection
EndGlobal
